
Microsoft Visual Studio Solution File, Format Version 12.00
# Visual Studio Version 16
VisualStudioVersion = 16.0.31410.357
MinimumVisualStudioVersion = 10.0.40219.1
Project("{FAE04EC0-301F-11D3-BF4B-00C04F79EFBC}") = "GiocoTombola", "GiocoTombola\GiocoTombola.csproj", "{A225FFF2-5171-470D-BC5F-BF46568FC0F3}"
EndProject
Global
	GlobalSection(SolutionConfigurationPlatforms) = preSolution
		Debug|Any CPU = Debug|Any CPU
		Release|Any CPU = Release|Any CPU
	EndGlobalSection
	GlobalSection(ProjectConfigurationPlatforms) = postSolution
		{A225FFF2-5171-470D-BC5F-BF46568FC0F3}.Debug|Any CPU.ActiveCfg = Debug|Any CPU
		{A225FFF2-5171-470D-BC5F-BF46568FC0F3}.Debug|Any CPU.Build.0 = Debug|Any CPU
		{A225FFF2-5171-470D-BC5F-BF46568FC0F3}.Release|Any CPU.ActiveCfg = Release|Any CPU
		{A225FFF2-5171-470D-BC5F-BF46568FC0F3}.Release|Any CPU.Build.0 = Release|Any CPU
	EndGlobalSection
	GlobalSection(SolutionProperties) = preSolution
		HideSolutionNode = FALSE
	EndGlobalSection
	GlobalSection(ExtensibilityGlobals) = postSolution
		SolutionGuid = {1F7BACFC-5C7F-4A53-99D4-83D907EB69B4}
	EndGlobalSection
EndGlobal
